Microsoft Visual Studio Solution File, Format Version 12.00
# Visual Studio Version 17
VisualStudioVersion = 17.5.2.0
MinimumVisualStudioVersion = 10.0.40219.1
Project("{FAE04EC0-301F-11D3-BF4B-00C04F79EFBC}") = "IksAdmin_VipManage", "IksAdmin_VipManage.csproj", "{00AD5BA6-8FFF-E2A9-31DC-944A11825E5A}"
EndProject
Global
	GlobalSection(SolutionConfigurationPlatforms) = preSolution
		Debug|Any CPU = Debug|Any CPU
		Release|Any CPU = Release|Any CPU
	EndGlobalSection
	GlobalSection(ProjectConfigurationPlatforms) = postSolution
		{00AD5BA6-8FFF-E2A9-31DC-944A11825E5A}.Debug|Any CPU.ActiveCfg = Debug|Any CPU
		{00AD5BA6-8FFF-E2A9-31DC-944A11825E5A}.Debug|Any CPU.Build.0 = Debug|Any CPU
		{00AD5BA6-8FFF-E2A9-31DC-944A11825E5A}.Release|Any CPU.ActiveCfg = Release|Any CPU
		{00AD5BA6-8FFF-E2A9-31DC-944A11825E5A}.Release|Any CPU.Build.0 = Release|Any CPU
	EndGlobalSection
	GlobalSection(SolutionProperties) = preSolution
		HideSolutionNode = FALSE
	EndGlobalSection
	GlobalSection(ExtensibilityGlobals) = postSolution
		SolutionGuid = {E9644CB7-38D3-4AAA-81E0-1309173E02D1}
	EndGlobalSection
EndGlobal
